
Microsoft Visual Studio Solution File, Format Version 12.00
# Visual Studio Version 16
VisualStudioVersion = 16.0.31005.135
MinimumVisualStudioVersion = 10.0.40219.1
Project("{FAE04EC0-301F-11D3-BF4B-00C04F79EFBC}") = "GUILayer", "StadiumManagement\GUILayer.csproj", "{05318603-6551-4883-A4E1-0542BFD02DF5}"
EndProject
Project("{FAE04EC0-301F-11D3-BF4B-00C04F79EFBC}") = "DataAccessLayer", "DataAccessLayer\DataAccessLayer.csproj", "{AA585A0B-8E00-4A47-B275-5A6A08B82135}"
EndProject
Project("{FAE04EC0-301F-11D3-BF4B-00C04F79EFBC}") = "BusinessLayer", "BusinessLayer\BusinessLayer.csproj", "{5A3F46D8-2DD6-4C04-BDC5-40FC5040CF65}"
EndProject
Global
	GlobalSection(SolutionConfigurationPlatforms) = preSolution
		Debug|Any CPU = Debug|Any CPU
		Release|Any CPU = Release|Any CPU
	EndGlobalSection
	GlobalSection(ProjectConfigurationPlatforms) = postSolution
		{05318603-6551-4883-A4E1-0542BFD02DF5}.Debug|Any CPU.ActiveCfg = Debug|Any CPU
		{05318603-6551-4883-A4E1-0542BFD02DF5}.Debug|Any CPU.Build.0 = Debug|Any CPU
		{05318603-6551-4883-A4E1-0542BFD02DF5}.Release|Any CPU.ActiveCfg = Release|Any CPU
		{05318603-6551-4883-A4E1-0542BFD02DF5}.Release|Any CPU.Build.0 = Release|Any CPU
		{AA585A0B-8E00-4A47-B275-5A6A08B82135}.Debug|Any CPU.ActiveCfg = Debug|Any CPU
		{AA585A0B-8E00-4A47-B275-5A6A08B82135}.Debug|Any CPU.Build.0 = Debug|Any CPU
		{AA585A0B-8E00-4A47-B275-5A6A08B82135}.Release|Any CPU.ActiveCfg = Release|Any CPU
		{AA585A0B-8E00-4A47-B275-5A6A08B82135}.Release|Any CPU.Build.0 = Release|Any CPU
		{5A3F46D8-2DD6-4C04-BDC5-40FC5040CF65}.Debug|Any CPU.ActiveCfg = Debug|Any CPU
		{5A3F46D8-2DD6-4C04-BDC5-40FC5040CF65}.Debug|Any CPU.Build.0 = Debug|Any CPU
		{5A3F46D8-2DD6-4C04-BDC5-40FC5040CF65}.Release|Any CPU.ActiveCfg = Release|Any CPU
		{5A3F46D8-2DD6-4C04-BDC5-40FC5040CF65}.Release|Any CPU.Build.0 = Release|Any CPU
	EndGlobalSection
	GlobalSection(SolutionProperties) = preSolution
		HideSolutionNode = FALSE
	EndGlobalSection
	GlobalSection(ExtensibilityGlobals) = postSolution
		SolutionGuid = {CD4865DB-AB0B-472B-B05E-029398B1C0D7}
	EndGlobalSection
EndGlobal
